
Microsoft Visual Studio Solution File, Format Version 12.00
# Visual Studio 2017
Project("{FAE04EC0-301F-11D3-BF4B-00C04F79EFBC}") = "2670Learning", "2670Learning.csproj", "{8EE9DC92-5CFA-9B6A-1A82-609E0EDEABCE}"
EndProject
Global
	GlobalSection(SolutionConfigurationPlatforms) = preSolution
		Debug|Any CPU = Debug|Any CPU
		Release|Any CPU = Release|Any CPU
	EndGlobalSection
	GlobalSection(ProjectConfigurationPlatforms) = postSolution
		{8EE9DC92-5CFA-9B6A-1A82-609E0EDEABCE}.Debug|Any CPU.ActiveCfg = Debug|Any CPU
		{8EE9DC92-5CFA-9B6A-1A82-609E0EDEABCE}.Debug|Any CPU.Build.0 = Debug|Any CPU
		{8EE9DC92-5CFA-9B6A-1A82-609E0EDEABCE}.Release|Any CPU.ActiveCfg = Release|Any CPU
		{8EE9DC92-5CFA-9B6A-1A82-609E0EDEABCE}.Release|Any CPU.Build.0 = Release|Any CPU
	EndGlobalSection
	GlobalSection(SolutionProperties) = preSolution
		HideSolutionNode = FALSE
	EndGlobalSection
EndGlobal
